
Microsoft Visual Studio Solution File, Format Version 12.00
# Visual Studio 15
VisualStudioVersion = 15.0.27428.2037
MinimumVisualStudioVersion = 10.0.40219.1
Project("{888888A0-9F3D-457C-B088-3A5042F75D52}") = "Don't Ever Delete This", "Don't Ever Delete This.pyproj", "{44F47503-7C4F-4EAB-8C44-1D02011FB8D7}"
EndProject
Global
	GlobalSection(SolutionConfigurationPlatforms) = preSolution
		Debug|Any CPU = Debug|Any CPU
		Release|Any CPU = Release|Any CPU
	EndGlobalSection
	GlobalSection(ProjectConfigurationPlatforms) = postSolution
		{44F47503-7C4F-4EAB-8C44-1D02011FB8D7}.Debug|Any CPU.ActiveCfg = Debug|Any CPU
		{44F47503-7C4F-4EAB-8C44-1D02011FB8D7}.Release|Any CPU.ActiveCfg = Release|Any CPU
	EndGlobalSection
	GlobalSection(SolutionProperties) = preSolution
		HideSolutionNode = FALSE
	EndGlobalSection
	GlobalSection(ExtensibilityGlobals) = postSolution
		SolutionGuid = {03BCA41F-D9C7-4287-BDF7-1BEEB7800F40}
	EndGlobalSection
EndGlobal
